
Microsoft Visual Studio Solution File, Format Version 12.00
Project("{FAE04EC0-301F-11D3-BF4B-00C04F79EFBC}") = "consoleApp007", "consoleApp007\consoleApp007.csproj", "{95D032F6-2012-4591-AD55-36B0F32C513E}"
EndProject
Project("{FAE04EC0-301F-11D3-BF4B-00C04F79EFBC}") = "MenuSystem", "MenuSystem\MenuSystem.csproj", "{A6BAA66B-718B-4B63-AEC2-FA746E4A7029}"
EndProject
Global
	GlobalSection(SolutionConfigurationPlatforms) = preSolution
		Debug|Any CPU = Debug|Any CPU
		Release|Any CPU = Release|Any CPU
	EndGlobalSection
	GlobalSection(ProjectConfigurationPlatforms) = postSolution
		{95D032F6-2012-4591-AD55-36B0F32C513E}.Debug|Any CPU.ActiveCfg = Debug|Any CPU
		{95D032F6-2012-4591-AD55-36B0F32C513E}.Debug|Any CPU.Build.0 = Debug|Any CPU
		{95D032F6-2012-4591-AD55-36B0F32C513E}.Release|Any CPU.ActiveCfg = Release|Any CPU
		{95D032F6-2012-4591-AD55-36B0F32C513E}.Release|Any CPU.Build.0 = Release|Any CPU
		{A6BAA66B-718B-4B63-AEC2-FA746E4A7029}.Debug|Any CPU.ActiveCfg = Debug|Any CPU
		{A6BAA66B-718B-4B63-AEC2-FA746E4A7029}.Debug|Any CPU.Build.0 = Debug|Any CPU
		{A6BAA66B-718B-4B63-AEC2-FA746E4A7029}.Release|Any CPU.ActiveCfg = Release|Any CPU
		{A6BAA66B-718B-4B63-AEC2-FA746E4A7029}.Release|Any CPU.Build.0 = Release|Any CPU
	EndGlobalSection
EndGlobal
